{
  "name": "paintball-fps",
  "version": "1.0.0",
  "lockfileVersion": 3,
  "requires": true,
  "packages": {
    "": {
      "name": "paintball-fps",
      "version": "1.0.0",
      "dependencies": {
        "paintball-fps": "file:"
      }
    },
    "node_modules/paintball-fps": {
      "resolved": "",
      "link": true
    }
  }
}
